
Microsoft Visual Studio Solution File, Format Version 12.00
# Visual Studio Version 17
VisualStudioVersion = 17.3.32929.385
MinimumVisualStudioVersion = 10.0.40219.1
Project("{FAE04EC0-301F-11D3-BF4B-00C04F79EFBC}") = "ChatApp", "ChatApp\ChatApp.csproj", "{38F5B79B-C83B-431A-9D0F-3E60C5723DD5}"
EndProject
Global
	GlobalSection(SolutionConfigurationPlatforms) = preSolution
		Debug|Any CPU = Debug|Any CPU
		Release|Any CPU = Release|Any CPU
	EndGlobalSection
	GlobalSection(ProjectConfigurationPlatforms) = postSolution
		{38F5B79B-C83B-431A-9D0F-3E60C5723DD5}.Debug|Any CPU.ActiveCfg = Debug|Any CPU
		{38F5B79B-C83B-431A-9D0F-3E60C5723DD5}.Debug|Any CPU.Build.0 = Debug|Any CPU
		{38F5B79B-C83B-431A-9D0F-3E60C5723DD5}.Release|Any CPU.ActiveCfg = Release|Any CPU
		{38F5B79B-C83B-431A-9D0F-3E60C5723DD5}.Release|Any CPU.Build.0 = Release|Any CPU
	EndGlobalSection
	GlobalSection(SolutionProperties) = preSolution
		HideSolutionNode = FALSE
	EndGlobalSection
	GlobalSection(ExtensibilityGlobals) = postSolution
		SolutionGuid = {47DD1401-391C-487A-B768-A1FB05141EE3}
	EndGlobalSection
EndGlobal
